
Microsoft Visual Studio Solution File, Format Version 12.00
# Visual Studio Version 16
VisualStudioVersion = 16.0.29613.14
MinimumVisualStudioVersion = 10.0.40219.1
Project("{FAE04EC0-301F-11D3-BF4B-00C04F79EFBC}") = "DigitalSkills2017", "DigitalSkills2017\DigitalSkills2017.csproj", "{82AEB999-84BF-43BF-9A69-E1C3EB4D4E41}"
EndProject
Global
	GlobalSection(SolutionConfigurationPlatforms) = preSolution
		Debug|Any CPU = Debug|Any CPU
		Release|Any CPU = Release|Any CPU
	EndGlobalSection
	GlobalSection(ProjectConfigurationPlatforms) = postSolution
		{82AEB999-84BF-43BF-9A69-E1C3EB4D4E41}.Debug|Any CPU.ActiveCfg = Debug|Any CPU
		{82AEB999-84BF-43BF-9A69-E1C3EB4D4E41}.Debug|Any CPU.Build.0 = Debug|Any CPU
		{82AEB999-84BF-43BF-9A69-E1C3EB4D4E41}.Release|Any CPU.ActiveCfg = Release|Any CPU
		{82AEB999-84BF-43BF-9A69-E1C3EB4D4E41}.Release|Any CPU.Build.0 = Release|Any CPU
	EndGlobalSection
	GlobalSection(SolutionProperties) = preSolution
		HideSolutionNode = FALSE
	EndGlobalSection
	GlobalSection(ExtensibilityGlobals) = postSolution
		SolutionGuid = {C2D4E6D3-DEF6-4713-ABF4-C39AA752C105}
	EndGlobalSection
EndGlobal
